
Microsoft Visual Studio Solution File, Format Version 12.00
# Visual Studio Version 16
VisualStudioVersion = 16.0.30711.63
MinimumVisualStudioVersion = 10.0.40219.1
Project("{FAE04EC0-301F-11D3-BF4B-00C04F79EFBC}") = "IoT-Server", "IoT-Server\IoT-Server.csproj", "{A11E767E-BC2C-4946-BC43-8DC43F43DCEC}"
EndProject
Global
	GlobalSection(SolutionConfigurationPlatforms) = preSolution
		Debug|Any CPU = Debug|Any CPU
		Release|Any CPU = Release|Any CPU
	EndGlobalSection
	GlobalSection(ProjectConfigurationPlatforms) = postSolution
		{A11E767E-BC2C-4946-BC43-8DC43F43DCEC}.Debug|Any CPU.ActiveCfg = Debug|Any CPU
		{A11E767E-BC2C-4946-BC43-8DC43F43DCEC}.Debug|Any CPU.Build.0 = Debug|Any CPU
		{A11E767E-BC2C-4946-BC43-8DC43F43DCEC}.Release|Any CPU.ActiveCfg = Release|Any CPU
		{A11E767E-BC2C-4946-BC43-8DC43F43DCEC}.Release|Any CPU.Build.0 = Release|Any CPU
	EndGlobalSection
	GlobalSection(SolutionProperties) = preSolution
		HideSolutionNode = FALSE
	EndGlobalSection
	GlobalSection(ExtensibilityGlobals) = postSolution
		SolutionGuid = {050A589C-23AA-4A1C-84D3-0B2A17BE066C}
	EndGlobalSection
EndGlobal
